// !$*UTF8*$!
{
	archiveVersion = 1;
	classes = {
	};
	objectVersion = 55;
	objects = {

/* Begin PBXBuildFile section */
		989945F128355F6E00CF719C /* CKMultiTestApp.swift in Sources */ = {isa = PBXBuildFile; fileRef = 989945F028355F6E00CF719C /* CKMultiTestApp.swift */; };
		989945F328355F6E00CF719C /* ContentView.swift in Sources */ = {isa = PBXBuildFile; fileRef = 989945F228355F6E00CF719C /* ContentView.swift */; };
		989945F528355F6E00CF719C /* Assets.xcassets in Resources */ = {isa = PBXBuildFile; fileRef = 989945F428355F6E00CF719C /* Assets.xcassets */; };
		989945F828355F6E00CF719C /* Preview Assets.xcassets in Resources */ = {isa = PBXBuildFile; fileRef = 989945F728355F6E00CF719C /* Preview Assets.xcassets */; };
		989945FF28355F7500CF719C /* AppleIDView.swift in Sources */ = {isa = PBXBuildFile; fileRef = 989945FE28355F7500CF719C /* AppleIDView.swift */; };
		9899460128355F7A00CF719C /* CloudKitUtility.swift in Sources */ = {isa = PBXBuildFile; fileRef = 9899460028355F7A00CF719C /* CloudKitUtility.swift */; };
		9899460528355F9600CF719C /* CloudKit.framework in Frameworks */ = {isa = PBXBuildFile; fileRef = 9899460428355F9600CF719C /* CloudKit.framework */; };
		9899460728355FDD00CF719C /* CloudStatusModel.swift in Sources */ = {isa = PBXBuildFile; fileRef = 9899460628355FDD00CF719C /* CloudStatusModel.swift */; };
/* End PBXBuildFile section */

/* Begin PBXFileReference section */
		989945ED28355F6E00CF719C /* CK_MultiTest.app */ = {isa = PBXFileReference; explicitFileType = wrapper.application; includeInIndex = 0; path = CK_MultiTest.app; sourceTree = BUILT_PRODUCTS_DIR; };
		989945F028355F6E00CF719C /* CKMultiTestApp.swift */ = {isa = PBXFileReference; lastKnownFileType = sourcecode.swift; path = CKMultiTestApp.swift; sourceTree = "<group>"; };
		989945F228355F6E00CF719C /* ContentView.swift */ = {isa = PBXFileReference; lastKnownFileType = sourcecode.swift; path = ContentView.swift; sourceTree = "<group>"; };
		989945F428355F6E00CF719C /* Assets.xcassets */ = {isa = PBXFileReference; lastKnownFileType = folder.assetcatalog; path = Assets.xcassets; sourceTree = "<group>"; };
		989945F728355F6E00CF719C /* Preview Assets.xcassets */ = {isa = PBXFileReference; lastKnownFileType = folder.assetcatalog; path = "Preview Assets.xcassets"; sourceTree = "<group>"; };
		989945FE28355F7500CF719C /* AppleIDView.swift */ = {isa = PBXFileReference; fileEncoding = 4; lastKnownFileType = sourcecode.swift; path = AppleIDView.swift; sourceTree = "<group>"; };
		9899460028355F7A00CF719C /* CloudKitUtility.swift */ = {isa = PBXFileReference; fileEncoding = 4; lastKnownFileType = sourcecode.swift; path = CloudKitUtility.swift; sourceTree = "<group>"; };
		9899460228355F8700CF719C /* CK_MultiTest.entitlements */ = {isa = PBXFileReference; lastKnownFileType = text.plist.entitlements; path = CK_MultiTest.entitlements; sourceTree = "<group>"; };
		9899460428355F9600CF719C /* CloudKit.framework */ = {isa = PBXFileReference; lastKnownFileType = wrapper.framework; name = CloudKit.framework; path = System/Library/Frameworks/CloudKit.framework; sourceTree = SDKROOT; };
		9899460628355FDD00CF719C /* CloudStatusModel.swift */ = {isa = PBXFileReference; lastKnownFileType = sourcecode.swift; path = CloudStatusModel.swift; sourceTree = "<group>"; };
/* End PBXFileReference section */

/* Begin PBXFrameworksBuildPhase section */
		989945EA28355F6E00CF719C /* Frameworks */ = {
			isa = PBXFrameworksBuildPhase;
			buildActionMask = 2147483647;
			files = (
				9899460528355F9600CF719C /* CloudKit.framework in Frameworks */,
			);
			runOnlyForDeploymentPostprocessing = 0;
		};
/* End PBXFrameworksBuildPhase section */

/* Begin PBXGroup section */
		989945E428355F6E00CF719C = {
			isa = PBXGroup;
			children = (
				989945EF28355F6E00CF719C /* CK_MultiTest */,
				989945EE28355F6E00CF719C /* Products */,
				9899460328355F9600CF719C /* Frameworks */,
			);
			sourceTree = "<group>";
		};
		989945EE28355F6E00CF719C /* Products */ = {
			isa = PBXGroup;
			children = (
				989945ED28355F6E00CF719C /* CK_MultiTest.app */,
			);
			name = Products;
			sourceTree = "<group>";
		};
		989945EF28355F6E00CF719C /* CK_MultiTest */ = {
			isa = PBXGroup;
			children = (
				9899460228355F8700CF719C /* CK_MultiTest.entitlements */,
				989945F028355F6E00CF719C /* CKMultiTestApp.swift */,
				989945F228355F6E00CF719C /* ContentView.swift */,
				989945FE28355F7500CF719C /* AppleIDView.swift */,
				9899460028355F7A00CF719C /* CloudKitUtility.swift */,
				9899460628355FDD00CF719C /* CloudStatusModel.swift */,
				989945F428355F6E00CF719C /* Assets.xcassets */,
				989945F628355F6E00CF719C /* Preview Content */,
			);
			path = CK_MultiTest;
			sourceTree = "<group>";
		};
		989945F628355F6E00CF719C /* Preview Content */ = {
			isa = PBXGroup;
			children = (
				989945F728355F6E00CF719C /* Preview Assets.xcassets */,
			);
			path = "Preview Content";
			sourceTree = "<group>";
		};
		9899460328355F9600CF719C /* Frameworks */ = {
			isa = PBXGroup;
			children = (
				9899460428355F9600CF719C /* CloudKit.framework */,
			);
			name = Frameworks;
			sourceTree = "<group>";
		};
/* End PBXGroup section */

/* Begin PBXNativeTarget section */
		989945EC28355F6E00CF719C /* CK_MultiTest */ = {
			isa = PBXNativeTarget;
			buildConfigurationList = 989945FB28355F6E00CF719C /* Build configuration list for PBXNativeTarget "CK_MultiTest" */;
			buildPhases = (
				98994608283560AB00CF719C /* ShellScript */,
				989945E928355F6E00CF719C /* Sources */,
				989945EA28355F6E00CF719C /* Frameworks */,
				989945EB28355F6E00CF719C /* Resources */,
			);
			buildRules = (
			);
			dependencies = (
			);
			name = CK_MultiTest;
			productName = CK_MultiTest;
			productReference = 989945ED28355F6E00CF719C /* CK_MultiTest.app */;
			productType = "com.apple.product-type.application";
		};
/* End PBXNativeTarget section */

/* Begin PBXProject section */
		989945E528355F6E00CF719C /* Project object */ = {
			isa = PBXProject;
			attributes = {
				BuildIndependentTargetsInParallel = 1;
				LastSwiftUpdateCheck = 1340;
				LastUpgradeCheck = 1340;
				TargetAttributes = {
					989945EC28355F6E00CF719C = {
						CreatedOnToolsVersion = 13.4;
					};
				};
			};
			buildConfigurationList = 989945E828355F6E00CF719C /* Build configuration list for PBXProject "CK_MultiTest" */;
			compatibilityVersion = "Xcode 13.0";
			developmentRegion = en;
			hasScannedForEncodings = 0;
			knownRegions = (
				en,
				Base,
			);
			mainGroup = 989945E428355F6E00CF719C;
			productRefGroup = 989945EE28355F6E00CF719C /* Products */;
			projectDirPath = "";
			projectRoot = "";
			targets = (
				989945EC28355F6E00CF719C /* CK_MultiTest */,
			);
		};
/* End PBXProject section */

/* Begin PBXResourcesBuildPhase section */
		989945EB28355F6E00CF719C /* Resources */ = {
			isa = PBXResourcesBuildPhase;
			buildActionMask = 2147483647;
			files = (
				989945F828355F6E00CF719C /* Preview Assets.xcassets in Resources */,
				989945F528355F6E00CF719C /* Assets.xcassets in Resources */,
			);
			runOnlyForDeploymentPostprocessing = 0;
		};
/* End PBXResourcesBuildPhase section */

/* Begin PBXShellScriptBuildPhase section */
		98994608283560AB00CF719C /* ShellScript */ = {
			isa = PBXShellScriptBuildPhase;
			buildActionMask = 2147483647;
			files = (
			);
			inputFileListPaths = (
			);
			inputPaths = (
			);
			outputFileListPaths = (
			);
			outputPaths = (
			);
			runOnlyForDeploymentPostprocessing = 0;
			shellPath = /bin/sh;
			shellScript = "# Type a script or drag a script file from your workspace to insert its path.\n# Type a script or drag a script file from your workspace to insert its path.\nexport PATH=\"$PATH:/opt/homebrew/bin\"\nif which swiftlint > /dev/null; then\n  swiftlint\nelse\n  echo \"warning: SwiftLint not installed, download from https://github.com/realm/SwiftLint\"\nfi\n";
		};
/* End PBXShellScriptBuildPhase section */

/* Begin PBXSourcesBuildPhase section */
		989945E928355F6E00CF719C /* Sources */ = {
			isa = PBXSourcesBuildPhase;
			buildActionMask = 2147483647;
			files = (
				989945F328355F6E00CF719C /* ContentView.swift in Sources */,
				989945FF28355F7500CF719C /* AppleIDView.swift in Sources */,
				9899460728355FDD00CF719C /* CloudStatusModel.swift in Sources */,
				989945F128355F6E00CF719C /* CKMultiTestApp.swift in Sources */,
				9899460128355F7A00CF719C /* CloudKitUtility.swift in Sources */,
			);
			runOnlyForDeploymentPostprocessing = 0;
		};
/* End PBXSourcesBuildPhase section */

/* Begin XCBuildConfiguration section */
		989945F928355F6E00CF719C /* Debug */ = {
			isa = XCBuildConfiguration;
			buildSettings = {
				ALWAYS_SEARCH_USER_PATHS = NO;
				CLANG_ANALYZER_NONNULL = YES;
				CLANG_ANALYZER_NUMBER_OBJECT_CONVERSION = YES_AGGRESSIVE;
				CLANG_CXX_LANGUAGE_STANDARD = "gnu++17";
				CLANG_ENABLE_MODULES = YES;
				CLANG_ENABLE_OBJC_ARC = YES;
				CLANG_ENABLE_OBJC_WEAK = YES;
				CLANG_WARN_BLOCK_CAPTURE_AUTORELEASING = YES;
				CLANG_WARN_BOOL_CONVERSION = YES;
				CLANG_WARN_COMMA = YES;
				CLANG_WARN_CONSTANT_CONVERSION = YES;
				CLANG_WARN_DEPRECATED_OBJC_IMPLEMENTATIONS = YES;
				CLANG_WARN_DIRECT_OBJC_ISA_USAGE = YES_ERROR;
				CLANG_WARN_DOCUMENTATION_COMMENTS = YES;
				CLANG_WARN_EMPTY_BODY = YES;
				CLANG_WARN_ENUM_CONVERSION = YES;
				CLANG_WARN_INFINITE_RECURSION = YES;
				CLANG_WARN_INT_CONVERSION = YES;
				CLANG_WARN_NON_LITERAL_NULL_CONVERSION = YES;
				CLANG_WARN_OBJC_IMPLICIT_RETAIN_SELF = YES;
				CLANG_WARN_OBJC_LITERAL_CONVERSION = YES;
				CLANG_WARN_OBJC_ROOT_CLASS = YES_ERROR;
				CLANG_WARN_QUOTED_INCLUDE_IN_FRAMEWORK_HEADER = YES;
				CLANG_WARN_RANGE_LOOP_ANALYSIS = YES;
				CLANG_WARN_STRICT_PROTOTYPES = YES;
				CLANG_WARN_SUSPICIOUS_MOVE = YES;
				CLANG_WARN_UNGUARDED_AVAILABILITY = YES_AGGRESSIVE;
				CLANG_WARN_UNREACHABLE_CODE = YES;
				CLANG_WARN__DUPLICATE_METHOD_MATCH = YES;
				COPY_PHASE_STRIP = NO;
				DEBUG_INFORMATION_FORMAT = dwarf;
				ENABLE_STRICT_OBJC_MSGSEND = YES;
				ENABLE_TESTABILITY = YES;
				GCC_C_LANGUAGE_STANDARD = gnu11;
				GCC_DYNAMIC_NO_PIC = NO;
				GCC_NO_COMMON_BLOCKS = YES;
				GCC_OPTIMIZATION_LEVEL = 0;
				GCC_PREPROCESSOR_DEFINITIONS = (
					"DEBUG=1",
					"$(inherited)",
				);
				GCC_WARN_64_TO_32_BIT_CONVERSION = YES;
				GCC_WARN_ABOUT_RETURN_TYPE = YES_ERROR;
				GCC_WARN_UNDECLARED_SELECTOR = YES;
				GCC_WARN_UNINITIALIZED_AUTOS = YES_AGGRESSIVE;
				GCC_WARN_UNUSED_FUNCTION = YES;
				GCC_WARN_UNUSED_VARIABLE = YES;
				IPHONEOS_DEPLOYMENT_TARGET = 15.5;
				MTL_ENABLE_DEBUG_INFO = INCLUDE_SOURCE;
				MTL_FAST_MATH = YES;
				ONLY_ACTIVE_ARCH = YES;
				SDKROOT = iphoneos;
				SWIFT_ACTIVE_COMPILATION_CONDITIONS = DEBUG;
				SWIFT_OPTIMIZATION_LEVEL = "-Onone";
			};
			name = Debug;
		};
		989945FA28355F6E00CF719C /* Release */ = {
			isa = XCBuildConfiguration;
			buildSettings = {
				ALWAYS_SEARCH_USER_PATHS = NO;
				CLANG_ANALYZER_NONNULL = YES;
				CLANG_ANALYZER_NUMBER_OBJECT_CONVERSION = YES_AGGRESSIVE;
				CLANG_CXX_LANGUAGE_STANDARD = "gnu++17";
				CLANG_ENABLE_MODULES = YES;
				CLANG_ENABLE_OBJC_ARC = YES;
				CLANG_ENABLE_OBJC_WEAK = YES;
				CLANG_WARN_BLOCK_CAPTURE_AUTORELEASING = YES;
				CLANG_WARN_BOOL_CONVERSION = YES;
				CLANG_WARN_COMMA = YES;
				CLANG_WARN_CONSTANT_CONVERSION = YES;
				CLANG_WARN_DEPRECATED_OBJC_IMPLEMENTATIONS = YES;
				CLANG_WARN_DIRECT_OBJC_ISA_USAGE = YES_ERROR;
				CLANG_WARN_DOCUMENTATION_COMMENTS = YES;
				CLANG_WARN_EMPTY_BODY = YES;
				CLANG_WARN_ENUM_CONVERSION = YES;
				CLANG_WARN_INFINITE_RECURSION = YES;
				CLANG_WARN_INT_CONVERSION = YES;
				CLANG_WARN_NON_LITERAL_NULL_CONVERSION = YES;
				CLANG_WARN_OBJC_IMPLICIT_RETAIN_SELF = YES;
				CLANG_WARN_OBJC_LITERAL_CONVERSION = YES;
				CLANG_WARN_OBJC_ROOT_CLASS = YES_ERROR;
				CLANG_WARN_QUOTED_INCLUDE_IN_FRAMEWORK_HEADER = YES;
				CLANG_WARN_RANGE_LOOP_ANALYSIS = YES;
				CLANG_WARN_STRICT_PROTOTYPES = YES;
				CLANG_WARN_SUSPICIOUS_MOVE = YES;
				CLANG_WARN_UNGUARDED_AVAILABILITY = YES_AGGRESSIVE;
				CLANG_WARN_UNREACHABLE_CODE = YES;
				CLANG_WARN__DUPLICATE_METHOD_MATCH = YES;
				COPY_PHASE_STRIP = NO;
				DEBUG_INFORMATION_FORMAT = "dwarf-with-dsym";
				ENABLE_NS_ASSERTIONS = NO;
				ENABLE_STRICT_OBJC_MSGSEND = YES;
				GCC_C_LANGUAGE_STANDARD = gnu11;
				GCC_NO_COMMON_BLOCKS = YES;
				GCC_WARN_64_TO_32_BIT_CONVERSION = YES;
				GCC_WARN_ABOUT_RETURN_TYPE = YES_ERROR;
				GCC_WARN_UNDECLARED_SELECTOR = YES;
				GCC_WARN_UNINITIALIZED_AUTOS = YES_AGGRESSIVE;
				GCC_WARN_UNUSED_FUNCTION = YES;
				GCC_WARN_UNUSED_VARIABLE = YES;
				IPHONEOS_DEPLOYMENT_TARGET = 15.5;
				MTL_ENABLE_DEBUG_INFO = NO;
				MTL_FAST_MATH = YES;
				SDKROOT = iphoneos;
				SWIFT_COMPILATION_MODE = wholemodule;
				SWIFT_OPTIMIZATION_LEVEL = "-O";
				VALIDATE_PRODUCT = YES;
			};
			name = Release;
		};
		989945FC28355F6E00CF719C /* Debug */ = {
			isa = XCBuildConfiguration;
			buildSettings = {
				ASSETCATALOG_COMPILER_APPICON_NAME = AppIcon;
				ASSETCATALOG_COMPILER_GLOBAL_ACCENT_COLOR_NAME = AccentColor;
				CODE_SIGN_ENTITLEMENTS = CK_MultiTest/CK_MultiTest.entitlements;
				CODE_SIGN_STYLE = Automatic;
				CURRENT_PROJECT_VERSION = 1;
				DEVELOPMENT_ASSET_PATHS = "\"CK_MultiTest/Preview Content\"";
				DEVELOPMENT_TEAM = TDL4PT97XP;
				ENABLE_PREVIEWS = YES;
				GENERATE_INFOPLIST_FILE = YES;
				INFOPLIST_KEY_UIApplicationSceneManifest_Generation = YES;
				INFOPLIST_KEY_UIApplicationSupportsIndirectInputEvents = YES;
				INFOPLIST_KEY_UILaunchScreen_Generation = YES;
				INFOPLIST_KEY_UISupportedInterfaceOrientations_iPad = "UIInterfaceOrientationPortrait UIInterfaceOrientationPortraitUpsideDown UIInterfaceOrientationLandscapeLeft UIInterfaceOrientationLandscapeRight";
				INFOPLIST_KEY_UISupportedInterfaceOrientations_iPhone = "UIInterfaceOrientationPortrait UIInterfaceOrientationLandscapeLeft UIInterfaceOrientationLandscapeRight";
				LD_RUNPATH_SEARCH_PATHS = (
					"$(inherited)",
					"@executable_path/Frameworks",
				);
				MARKETING_VERSION = 1.0;
				PRODUCT_BUNDLE_IDENTIFIER = "com.github.lrkhan.CK-MultiTest";
				PRODUCT_NAME = "$(TARGET_NAME)";
				SWIFT_EMIT_LOC_STRINGS = YES;
				SWIFT_VERSION = 5.0;
				TARGETED_DEVICE_FAMILY = "1,2";
			};
			name = Debug;
		};
		989945FD28355F6E00CF719C /* Release */ = {
			isa = XCBuildConfiguration;
			buildSettings = {
				ASSETCATALOG_COMPILER_APPICON_NAME = AppIcon;
				ASSETCATALOG_COMPILER_GLOBAL_ACCENT_COLOR_NAME = AccentColor;
				CODE_SIGN_ENTITLEMENTS = CK_MultiTest/CK_MultiTest.entitlements;
				CODE_SIGN_STYLE = Automatic;
				CURRENT_PROJECT_VERSION = 1;
				DEVELOPMENT_ASSET_PATHS = "\"CK_MultiTest/Preview Content\"";
				DEVELOPMENT_TEAM = TDL4PT97XP;
				ENABLE_PREVIEWS = YES;
				GENERATE_INFOPLIST_FILE = YES;
				INFOPLIST_KEY_UIApplicationSceneManifest_Generation = YES;
				INFOPLIST_KEY_UIApplicationSupportsIndirectInputEvents = YES;
				INFOPLIST_KEY_UILaunchScreen_Generation = YES;
				INFOPLIST_KEY_UISupportedInterfaceOrientations_iPad = "UIInterfaceOrientationPortrait UIInterfaceOrientationPortraitUpsideDown UIInterfaceOrientationLandscapeLeft UIInterfaceOrientationLandscapeRight";
				INFOPLIST_KEY_UISupportedInterfaceOrientations_iPhone = "UIInterfaceOrientationPortrait UIInterfaceOrientationLandscapeLeft UIInterfaceOrientationLandscapeRight";
				LD_RUNPATH_SEARCH_PATHS = (
					"$(inherited)",
					"@executable_path/Frameworks",
				);
				MARKETING_VERSION = 1.0;
				PRODUCT_BUNDLE_IDENTIFIER = "com.github.lrkhan.CK-MultiTest";
				PRODUCT_NAME = "$(TARGET_NAME)";
				SWIFT_EMIT_LOC_STRINGS = YES;
				SWIFT_VERSION = 5.0;
				TARGETED_DEVICE_FAMILY = "1,2";
			};
			name = Release;
		};
/* End XCBuildConfiguration section */

/* Begin XCConfigurationList section */
		989945E828355F6E00CF719C /* Build configuration list for PBXProject "CK_MultiTest" */ = {
			isa = XCConfigurationList;
			buildConfigurations = (
				989945F928355F6E00CF719C /* Debug */,
				989945FA28355F6E00CF719C /* Release */,
			);
			defaultConfigurationIsVisible = 0;
			defaultConfigurationName = Release;
		};
		989945FB28355F6E00CF719C /* Build configuration list for PBXNativeTarget "CK_MultiTest" */ = {
			isa = XCConfigurationList;
			buildConfigurations = (
				989945FC28355F6E00CF719C /* Debug */,
				989945FD28355F6E00CF719C /* Release */,
			);
			defaultConfigurationIsVisible = 0;
			defaultConfigurationName = Release;
		};
/* End XCConfigurationList section */
	};
	rootObject = 989945E528355F6E00CF719C /* Project object */;
}
